Microsoft Visual Studio Solution File, Format Version 11.00
# Visual Studio 2008

Project("{2C8EF8DE-24CC-FAB0-B213-88B31B204B76}") = "guildmaster", "Assembly-CSharp.csproj", "{76CBD556-949B-87E5-E047-7C9F3850987B}"
EndProject
Global
	GlobalSection(SolutionConfigurationPlatforms) = preSolution
		Debug|Any CPU = Debug|Any CPU
		Release|Any CPU = Release|Any CPU
	EndGlobalSection
	GlobalSection(ProjectConfigurationPlatforms) = postSolution
		{76CBD556-949B-87E5-E047-7C9F3850987B}.Debug|Any CPU.ActiveCfg = Debug|Any CPU
		{76CBD556-949B-87E5-E047-7C9F3850987B}.Debug|Any CPU.Build.0 = Debug|Any CPU
		{76CBD556-949B-87E5-E047-7C9F3850987B}.Release|Any CPU.ActiveCfg = Release|Any CPU
		{76CBD556-949B-87E5-E047-7C9F3850987B}.Release|Any CPU.Build.0 = Release|Any CPU
	EndGlobalSection
	GlobalSection(SolutionProperties) = preSolution
		HideSolutionNode = FALSE
	EndGlobalSection
	GlobalSection(MonoDevelopProperties) = preSolution
		StartupItem = Assembly-CSharp.csproj
	EndGlobalSection
EndGlobal
